
Microsoft Visual Studio Solution File, Format Version 12.00
# Visual Studio Version 16
VisualStudioVersion = 16.0.31424.327
MinimumVisualStudioVersion = 10.0.40219.1
Project("{FAE04EC0-301F-11D3-BF4B-00C04F79EFBC}") = "WebhookSearcher", "WebhookSearcher\WebhookSearcher.csproj", "{172796F2-D9EF-4DB9-A145-C8F03CCF88C1}"
EndProject
Global
	GlobalSection(SolutionConfigurationPlatforms) = preSolution
		Debug|Any CPU = Debug|Any CPU
		Release|Any CPU = Release|Any CPU
	EndGlobalSection
	GlobalSection(ProjectConfigurationPlatforms) = postSolution
		{172796F2-D9EF-4DB9-A145-C8F03CCF88C1}.Debug|Any CPU.ActiveCfg = Debug|Any CPU
		{172796F2-D9EF-4DB9-A145-C8F03CCF88C1}.Debug|Any CPU.Build.0 = Debug|Any CPU
		{172796F2-D9EF-4DB9-A145-C8F03CCF88C1}.Release|Any CPU.ActiveCfg = Release|Any CPU
		{172796F2-D9EF-4DB9-A145-C8F03CCF88C1}.Release|Any CPU.Build.0 = Release|Any CPU
	EndGlobalSection
	GlobalSection(SolutionProperties) = preSolution
		HideSolutionNode = FALSE
	EndGlobalSection
	GlobalSection(ExtensibilityGlobals) = postSolution
		SolutionGuid = {2DE602EA-600A-4AC1-93AA-71BD8C5CC56F}
	EndGlobalSection
EndGlobal
